// !$*UTF8*$!
{
	archiveVersion = 1;
	classes = {
	};
	objectVersion = 55;
	objects = {

/* Begin PBXBuildFile section */
		DBF3F3E428647B180097CC1E /* Quote_AppApp.swift in Sources */ = {isa = PBXBuildFile; fileRef = DBF3F3D428647B160097CC1E /* Quote_AppApp.swift */; };
		DBF3F3E528647B180097CC1E /* Quote_AppApp.swift in Sources */ = {isa = PBXBuildFile; fileRef = DBF3F3D428647B160097CC1E /* Quote_AppApp.swift */; };
		DBF3F3E628647B180097CC1E /* ContentView.swift in Sources */ = {isa = PBXBuildFile; fileRef = DBF3F3D528647B160097CC1E /* ContentView.swift */; };
		DBF3F3E728647B180097CC1E /* ContentView.swift in Sources */ = {isa = PBXBuildFile; fileRef = DBF3F3D528647B160097CC1E /* ContentView.swift */; };
		DBF3F3E828647B180097CC1E /* Assets.xcassets in Resources */ = {isa = PBXBuildFile; fileRef = DBF3F3D628647B180097CC1E /* Assets.xcassets */; };
		DBF3F3E928647B180097CC1E /* Assets.xcassets in Resources */ = {isa = PBXBuildFile; fileRef = DBF3F3D628647B180097CC1E /* Assets.xcassets */; };
		DBF3F3F828647D880097CC1E /* quotes.json in Resources */ = {isa = PBXBuildFile; fileRef = DBF3F3F728647D880097CC1E /* quotes.json */; };
		DBF3F3F928647D880097CC1E /* quotes.json in Resources */ = {isa = PBXBuildFile; fileRef = DBF3F3F728647D880097CC1E /* quotes.json */; };
		DBF3F3FB286481580097CC1E /* Quote.swift in Sources */ = {isa = PBXBuildFile; fileRef = DBF3F3FA286481580097CC1E /* Quote.swift */; };
		DBF3F3FC286481580097CC1E /* Quote.swift in Sources */ = {isa = PBXBuildFile; fileRef = DBF3F3FA286481580097CC1E /* Quote.swift */; };
		DBF3F3FE2864846D0097CC1E /* QuoteModel.swift in Sources */ = {isa = PBXBuildFile; fileRef = DBF3F3FD2864846D0097CC1E /* QuoteModel.swift */; };
		DBF3F3FF2864846D0097CC1E /* QuoteModel.swift in Sources */ = {isa = PBXBuildFile; fileRef = DBF3F3FD2864846D0097CC1E /* QuoteModel.swift */; };
		DBF3F4012864BFDF0097CC1E /* DataService.swift in Sources */ = {isa = PBXBuildFile; fileRef = DBF3F4002864BFDF0097CC1E /* DataService.swift */; };
		DBF3F4022864BFDF0097CC1E /* DataService.swift in Sources */ = {isa = PBXBuildFile; fileRef = DBF3F4002864BFDF0097CC1E /* DataService.swift */; };
/* End PBXBuildFile section */

/* Begin PBXFileReference section */
		DBF3F3D428647B160097CC1E /* Quote_AppApp.swift */ = {isa = PBXFileReference; lastKnownFileType = sourcecode.swift; path = Quote_AppApp.swift; sourceTree = "<group>"; };
		DBF3F3D528647B160097CC1E /* ContentView.swift */ = {isa = PBXFileReference; lastKnownFileType = sourcecode.swift; path = ContentView.swift; sourceTree = "<group>"; };
		DBF3F3D628647B180097CC1E /* Assets.xcassets */ = {isa = PBXFileReference; lastKnownFileType = folder.assetcatalog; path = Assets.xcassets; sourceTree = "<group>"; };
		DBF3F3DB28647B180097CC1E /* Quote-App.app */ = {isa = PBXFileReference; explicitFileType = wrapper.application; includeInIndex = 0; path = "Quote-App.app"; sourceTree = BUILT_PRODUCTS_DIR; };
		DBF3F3E128647B180097CC1E /* Quote-App.app */ = {isa = PBXFileReference; explicitFileType = wrapper.application; includeInIndex = 0; path = "Quote-App.app"; sourceTree = BUILT_PRODUCTS_DIR; };
		DBF3F3E328647B180097CC1E /* macOS.entitlements */ = {isa = PBXFileReference; lastKnownFileType = text.plist.entitlements; path = macOS.entitlements; sourceTree = "<group>"; };
		DBF3F3F728647D880097CC1E /* quotes.json */ = {isa = PBXFileReference; lastKnownFileType = text.json; path = quotes.json; sourceTree = "<group>"; };
		DBF3F3FA286481580097CC1E /* Quote.swift */ = {isa = PBXFileReference; lastKnownFileType = sourcecode.swift; path = Quote.swift; sourceTree = "<group>"; };
		DBF3F3FD2864846D0097CC1E /* QuoteModel.swift */ = {isa = PBXFileReference; lastKnownFileType = sourcecode.swift; path = QuoteModel.swift; sourceTree = "<group>"; };
		DBF3F4002864BFDF0097CC1E /* DataService.swift */ = {isa = PBXFileReference; lastKnownFileType = sourcecode.swift; path = DataService.swift; sourceTree = "<group>"; };
/* End PBXFileReference section */

/* Begin PBXFrameworksBuildPhase section */
		DBF3F3D828647B180097CC1E /* Frameworks */ = {
			isa = PBXFrameworksBuildPhase;
			buildActionMask = 2147483647;
			files = (
			);
			runOnlyForDeploymentPostprocessing = 0;
		};
		DBF3F3DE28647B180097CC1E /* Frameworks */ = {
			isa = PBXFrameworksBuildPhase;
			buildActionMask = 2147483647;
			files = (
			);
			runOnlyForDeploymentPostprocessing = 0;
		};
/* End PBXFrameworksBuildPhase section */

/* Begin PBXGroup section */
		DBF3F3CE28647B160097CC1E = {
			isa = PBXGroup;
			children = (
				DBF3F3D328647B160097CC1E /* Shared */,
				DBF3F3D628647B180097CC1E /* Assets.xcassets */,
				DBF3F3E228647B180097CC1E /* macOS */,
				DBF3F3DC28647B180097CC1E /* Products */,
			);
			sourceTree = "<group>";
		};
		DBF3F3D328647B160097CC1E /* Shared */ = {
			isa = PBXGroup;
			children = (
				DBF3F3D428647B160097CC1E /* Quote_AppApp.swift */,
				DBF3F3F228647CB40097CC1E /* Views */,
				DBF3F3F428647CBE0097CC1E /* ViewModels */,
				DBF3F3F328647CB90097CC1E /* Models */,
				DBF3F3F628647CC90097CC1E /* Data */,
				DBF3F3F528647CC40097CC1E /* Services */,
			);
			path = Shared;
			sourceTree = "<group>";
		};
		DBF3F3DC28647B180097CC1E /* Products */ = {
			isa = PBXGroup;
			children = (
				DBF3F3DB28647B180097CC1E /* Quote-App.app */,
				DBF3F3E128647B180097CC1E /* Quote-App.app */,
			);
			name = Products;
			sourceTree = "<group>";
		};
		DBF3F3E228647B180097CC1E /* macOS */ = {
			isa = PBXGroup;
			children = (
				DBF3F3E328647B180097CC1E /* macOS.entitlements */,
			);
			path = macOS;
			sourceTree = "<group>";
		};
		DBF3F3F228647CB40097CC1E /* Views */ = {
			isa = PBXGroup;
			children = (
				DBF3F3D528647B160097CC1E /* ContentView.swift */,
			);
			path = Views;
			sourceTree = "<group>";
		};
		DBF3F3F328647CB90097CC1E /* Models */ = {
			isa = PBXGroup;
			children = (
				DBF3F3FA286481580097CC1E /* Quote.swift */,
			);
			path = Models;
			sourceTree = "<group>";
		};
		DBF3F3F428647CBE0097CC1E /* ViewModels */ = {
			isa = PBXGroup;
			children = (
				DBF3F3FD2864846D0097CC1E /* QuoteModel.swift */,
			);
			path = ViewModels;
			sourceTree = "<group>";
		};
		DBF3F3F528647CC40097CC1E /* Services */ = {
			isa = PBXGroup;
			children = (
				DBF3F4002864BFDF0097CC1E /* DataService.swift */,
			);
			path = Services;
			sourceTree = "<group>";
		};
		DBF3F3F628647CC90097CC1E /* Data */ = {
			isa = PBXGroup;
			children = (
				DBF3F3F728647D880097CC1E /* quotes.json */,
			);
			path = Data;
			sourceTree = "<group>";
		};
/* End PBXGroup section */

/* Begin PBXNativeTarget section */
		DBF3F3DA28647B180097CC1E /* Quote-App (iOS) */ = {
			isa = PBXNativeTarget;
			buildConfigurationList = DBF3F3EC28647B180097CC1E /* Build configuration list for PBXNativeTarget "Quote-App (iOS)" */;
			buildPhases = (
				DBF3F3D728647B180097CC1E /* Sources */,
				DBF3F3D828647B180097CC1E /* Frameworks */,
				DBF3F3D928647B180097CC1E /* Resources */,
			);
			buildRules = (
			);
			dependencies = (
			);
			name = "Quote-App (iOS)";
			productName = "Quote-App (iOS)";
			productReference = DBF3F3DB28647B180097CC1E /* Quote-App.app */;
			productType = "com.apple.product-type.application";
		};
		DBF3F3E028647B180097CC1E /* Quote-App (macOS) */ = {
			isa = PBXNativeTarget;
			buildConfigurationList = DBF3F3EF28647B180097CC1E /* Build configuration list for PBXNativeTarget "Quote-App (macOS)" */;
			buildPhases = (
				DBF3F3DD28647B180097CC1E /* Sources */,
				DBF3F3DE28647B180097CC1E /* Frameworks */,
				DBF3F3DF28647B180097CC1E /* Resources */,
			);
			buildRules = (
			);
			dependencies = (
			);
			name = "Quote-App (macOS)";
			productName = "Quote-App (macOS)";
			productReference = DBF3F3E128647B180097CC1E /* Quote-App.app */;
			productType = "com.apple.product-type.application";
		};
/* End PBXNativeTarget section */

/* Begin PBXProject section */
		DBF3F3CF28647B160097CC1E /* Project object */ = {
			isa = PBXProject;
			attributes = {
				BuildIndependentTargetsInParallel = 1;
				LastSwiftUpdateCheck = 1320;
				LastUpgradeCheck = 1320;
				TargetAttributes = {
					DBF3F3DA28647B180097CC1E = {
						CreatedOnToolsVersion = 13.2.1;
					};
					DBF3F3E028647B180097CC1E = {
						CreatedOnToolsVersion = 13.2.1;
					};
				};
			};
			buildConfigurationList = DBF3F3D228647B160097CC1E /* Build configuration list for PBXProject "Quote-App" */;
			compatibilityVersion = "Xcode 13.0";
			developmentRegion = en;
			hasScannedForEncodings = 0;
			knownRegions = (
				en,
				Base,
			);
			mainGroup = DBF3F3CE28647B160097CC1E;
			productRefGroup = DBF3F3DC28647B180097CC1E /* Products */;
			projectDirPath = "";
			projectRoot = "";
			targets = (
				DBF3F3DA28647B180097CC1E /* Quote-App (iOS) */,
				DBF3F3E028647B180097CC1E /* Quote-App (macOS) */,
			);
		};
/* End PBXProject section */

/* Begin PBXResourcesBuildPhase section */
		DBF3F3D928647B180097CC1E /* Resources */ = {
			isa = PBXResourcesBuildPhase;
			buildActionMask = 2147483647;
			files = (
				DBF3F3F828647D880097CC1E /* quotes.json in Resources */,
				DBF3F3E828647B180097CC1E /* Assets.xcassets in Resources */,
			);
			runOnlyForDeploymentPostprocessing = 0;
		};
		DBF3F3DF28647B180097CC1E /* Resources */ = {
			isa = PBXResourcesBuildPhase;
			buildActionMask = 2147483647;
			files = (
				DBF3F3F928647D880097CC1E /* quotes.json in Resources */,
				DBF3F3E928647B180097CC1E /* Assets.xcassets in Resources */,
			);
			runOnlyForDeploymentPostprocessing = 0;
		};
/* End PBXResourcesBuildPhase section */

/* Begin PBXSourcesBuildPhase section */
		DBF3F3D728647B180097CC1E /* Sources */ = {
			isa = PBXSourcesBuildPhase;
			buildActionMask = 2147483647;
			files = (
				DBF3F3E628647B180097CC1E /* ContentView.swift in Sources */,
				DBF3F3FB286481580097CC1E /* Quote.swift in Sources */,
				DBF3F3FE2864846D0097CC1E /* QuoteModel.swift in Sources */,
				DBF3F3E428647B180097CC1E /* Quote_AppApp.swift in Sources */,
				DBF3F4012864BFDF0097CC1E /* DataService.swift in Sources */,
			);
			runOnlyForDeploymentPostprocessing = 0;
		};
		DBF3F3DD28647B180097CC1E /* Sources */ = {
			isa = PBXSourcesBuildPhase;
			buildActionMask = 2147483647;
			files = (
				DBF3F3E728647B180097CC1E /* ContentView.swift in Sources */,
				DBF3F3FC286481580097CC1E /* Quote.swift in Sources */,
				DBF3F3FF2864846D0097CC1E /* QuoteModel.swift in Sources */,
				DBF3F3E528647B180097CC1E /* Quote_AppApp.swift in Sources */,
				DBF3F4022864BFDF0097CC1E /* DataService.swift in Sources */,
			);
			runOnlyForDeploymentPostprocessing = 0;
		};
/* End PBXSourcesBuildPhase section */

/* Begin XCBuildConfiguration section */
		DBF3F3EA28647B180097CC1E /* Debug */ = {
			isa = XCBuildConfiguration;
			buildSettings = {
				ALWAYS_SEARCH_USER_PATHS = NO;
				CLANG_ANALYZER_NONNULL = YES;
				CLANG_ANALYZER_NUMBER_OBJECT_CONVERSION = YES_AGGRESSIVE;
				CLANG_CXX_LANGUAGE_STANDARD = "gnu++17";
				CLANG_CXX_LIBRARY = "libc++";
				CLANG_ENABLE_MODULES = YES;
				CLANG_ENABLE_OBJC_ARC = YES;
				CLANG_ENABLE_OBJC_WEAK = YES;
				CLANG_WARN_BLOCK_CAPTURE_AUTORELEASING = YES;
				CLANG_WARN_BOOL_CONVERSION = YES;
				CLANG_WARN_COMMA = YES;
				CLANG_WARN_CONSTANT_CONVERSION = YES;
				CLANG_WARN_DEPRECATED_OBJC_IMPLEMENTATIONS = YES;
				CLANG_WARN_DIRECT_OBJC_ISA_USAGE = YES_ERROR;
				CLANG_WARN_DOCUMENTATION_COMMENTS = YES;
				CLANG_WARN_EMPTY_BODY = YES;
				CLANG_WARN_ENUM_CONVERSION = YES;
				CLANG_WARN_INFINITE_RECURSION = YES;
				CLANG_WARN_INT_CONVERSION = YES;
				CLANG_WARN_NON_LITERAL_NULL_CONVERSION = YES;
				CLANG_WARN_OBJC_IMPLICIT_RETAIN_SELF = YES;
				CLANG_WARN_OBJC_LITERAL_CONVERSION = YES;
				CLANG_WARN_OBJC_ROOT_CLASS = YES_ERROR;
				CLANG_WARN_QUOTED_INCLUDE_IN_FRAMEWORK_HEADER = YES;
				CLANG_WARN_RANGE_LOOP_ANALYSIS = YES;
				CLANG_WARN_STRICT_PROTOTYPES = YES;
				CLANG_WARN_SUSPICIOUS_MOVE = YES;
				CLANG_WARN_UNGUARDED_AVAILABILITY = YES_AGGRESSIVE;
				CLANG_WARN_UNREACHABLE_CODE = YES;
				CLANG_WARN__DUPLICATE_METHOD_MATCH = YES;
				COPY_PHASE_STRIP = NO;
				DEBUG_INFORMATION_FORMAT = dwarf;
				ENABLE_STRICT_OBJC_MSGSEND = YES;
				ENABLE_TESTABILITY = YES;
				GCC_C_LANGUAGE_STANDARD = gnu11;
				GCC_DYNAMIC_NO_PIC = NO;
				GCC_NO_COMMON_BLOCKS = YES;
				GCC_OPTIMIZATION_LEVEL = 0;
				GCC_PREPROCESSOR_DEFINITIONS = (
					"DEBUG=1",
					"$(inherited)",
				);
				GCC_WARN_64_TO_32_BIT_CONVERSION = YES;
				GCC_WARN_ABOUT_RETURN_TYPE = YES_ERROR;
				GCC_WARN_UNDECLARED_SELECTOR = YES;
				GCC_WARN_UNINITIALIZED_AUTOS = YES_AGGRESSIVE;
				GCC_WARN_UNUSED_FUNCTION = YES;
				GCC_WARN_UNUSED_VARIABLE = YES;
				MTL_ENABLE_DEBUG_INFO = INCLUDE_SOURCE;
				MTL_FAST_MATH = YES;
				ONLY_ACTIVE_ARCH = YES;
				SWIFT_ACTIVE_COMPILATION_CONDITIONS = DEBUG;
				SWIFT_OPTIMIZATION_LEVEL = "-Onone";
			};
			name = Debug;
		};
		DBF3F3EB28647B180097CC1E /* Release */ = {
			isa = XCBuildConfiguration;
			buildSettings = {
				ALWAYS_SEARCH_USER_PATHS = NO;
				CLANG_ANALYZER_NONNULL = YES;
				CLANG_ANALYZER_NUMBER_OBJECT_CONVERSION = YES_AGGRESSIVE;
				CLANG_CXX_LANGUAGE_STANDARD = "gnu++17";
				CLANG_CXX_LIBRARY = "libc++";
				CLANG_ENABLE_MODULES = YES;
				CLANG_ENABLE_OBJC_ARC = YES;
				CLANG_ENABLE_OBJC_WEAK = YES;
				CLANG_WARN_BLOCK_CAPTURE_AUTORELEASING = YES;
				CLANG_WARN_BOOL_CONVERSION = YES;
				CLANG_WARN_COMMA = YES;
				CLANG_WARN_CONSTANT_CONVERSION = YES;
				CLANG_WARN_DEPRECATED_OBJC_IMPLEMENTATIONS = YES;
				CLANG_WARN_DIRECT_OBJC_ISA_USAGE = YES_ERROR;
				CLANG_WARN_DOCUMENTATION_COMMENTS = YES;
				CLANG_WARN_EMPTY_BODY = YES;
				CLANG_WARN_ENUM_CONVERSION = YES;
				CLANG_WARN_INFINITE_RECURSION = YES;
				CLANG_WARN_INT_CONVERSION = YES;
				CLANG_WARN_NON_LITERAL_NULL_CONVERSION = YES;
				CLANG_WARN_OBJC_IMPLICIT_RETAIN_SELF = YES;
				CLANG_WARN_OBJC_LITERAL_CONVERSION = YES;
				CLANG_WARN_OBJC_ROOT_CLASS = YES_ERROR;
				CLANG_WARN_QUOTED_INCLUDE_IN_FRAMEWORK_HEADER = YES;
				CLANG_WARN_RANGE_LOOP_ANALYSIS = YES;
				CLANG_WARN_STRICT_PROTOTYPES = YES;
				CLANG_WARN_SUSPICIOUS_MOVE = YES;
				CLANG_WARN_UNGUARDED_AVAILABILITY = YES_AGGRESSIVE;
				CLANG_WARN_UNREACHABLE_CODE = YES;
				CLANG_WARN__DUPLICATE_METHOD_MATCH = YES;
				COPY_PHASE_STRIP = NO;
				DEBUG_INFORMATION_FORMAT = "dwarf-with-dsym";
				ENABLE_NS_ASSERTIONS = NO;
				ENABLE_STRICT_OBJC_MSGSEND = YES;
				GCC_C_LANGUAGE_STANDARD = gnu11;
				GCC_NO_COMMON_BLOCKS = YES;
				GCC_WARN_64_TO_32_BIT_CONVERSION = YES;
				GCC_WARN_ABOUT_RETURN_TYPE = YES_ERROR;
				GCC_WARN_UNDECLARED_SELECTOR = YES;
				GCC_WARN_UNINITIALIZED_AUTOS = YES_AGGRESSIVE;
				GCC_WARN_UNUSED_FUNCTION = YES;
				GCC_WARN_UNUSED_VARIABLE = YES;
				MTL_ENABLE_DEBUG_INFO = NO;
				MTL_FAST_MATH = YES;
				SWIFT_COMPILATION_MODE = wholemodule;
				SWIFT_OPTIMIZATION_LEVEL = "-O";
			};
			name = Release;
		};
		DBF3F3ED28647B180097CC1E /* Debug */ = {
			isa = XCBuildConfiguration;
			buildSettings = {
				ASSETCATALOG_COMPILER_APPICON_NAME = AppIcon;
				ASSETCATALOG_COMPILER_GLOBAL_ACCENT_COLOR_NAME = AccentColor;
				CODE_SIGN_STYLE = Automatic;
				CURRENT_PROJECT_VERSION = 1;
				DEVELOPMENT_TEAM = Y99V3PSNQ8;
				ENABLE_PREVIEWS = YES;
				GENERATE_INFOPLIST_FILE = YES;
				INFOPLIST_KEY_UIApplicationSceneManifest_Generation = YES;
				INFOPLIST_KEY_UIApplicationSupportsIndirectInputEvents = YES;
				INFOPLIST_KEY_UILaunchScreen_Generation = YES;
				INFOPLIST_KEY_UISupportedInterfaceOrientations_iPad = "UIInterfaceOrientationPortrait UIInterfaceOrientationPortraitUpsideDown UIInterfaceOrientationLandscapeLeft UIInterfaceOrientationLandscapeRight";
				INFOPLIST_KEY_UISupportedInterfaceOrientations_iPhone = "UIInterfaceOrientationPortrait UIInterfaceOrientationLandscapeLeft UIInterfaceOrientationLandscapeRight";
				IPHONEOS_DEPLOYMENT_TARGET = 15.2;
				LD_RUNPATH_SEARCH_PATHS = (
					"$(inherited)",
					"@executable_path/Frameworks",
				);
				MARKETING_VERSION = 1.0;
				PRODUCT_BUNDLE_IDENTIFIER = "com.shamsuddinrefaei.Quote-App";
				PRODUCT_NAME = "Quote-App";
				SDKROOT = iphoneos;
				SWIFT_EMIT_LOC_STRINGS = YES;
				SWIFT_VERSION = 5.0;
				TARGETED_DEVICE_FAMILY = "1,2";
			};
			name = Debug;
		};
		DBF3F3EE28647B180097CC1E /* Release */ = {
			isa = XCBuildConfiguration;
			buildSettings = {
				ASSETCATALOG_COMPILER_APPICON_NAME = AppIcon;
				ASSETCATALOG_COMPILER_GLOBAL_ACCENT_COLOR_NAME = AccentColor;
				CODE_SIGN_STYLE = Automatic;
				CURRENT_PROJECT_VERSION = 1;
				DEVELOPMENT_TEAM = Y99V3PSNQ8;
				ENABLE_PREVIEWS = YES;
				GENERATE_INFOPLIST_FILE = YES;
				INFOPLIST_KEY_UIApplicationSceneManifest_Generation = YES;
				INFOPLIST_KEY_UIApplicationSupportsIndirectInputEvents = YES;
				INFOPLIST_KEY_UILaunchScreen_Generation = YES;
				INFOPLIST_KEY_UISupportedInterfaceOrientations_iPad = "UIInterfaceOrientationPortrait UIInterfaceOrientationPortraitUpsideDown UIInterfaceOrientationLandscapeLeft UIInterfaceOrientationLandscapeRight";
				INFOPLIST_KEY_UISupportedInterfaceOrientations_iPhone = "UIInterfaceOrientationPortrait UIInterfaceOrientationLandscapeLeft UIInterfaceOrientationLandscapeRight";
				IPHONEOS_DEPLOYMENT_TARGET = 15.2;
				LD_RUNPATH_SEARCH_PATHS = (
					"$(inherited)",
					"@executable_path/Frameworks",
				);
				MARKETING_VERSION = 1.0;
				PRODUCT_BUNDLE_IDENTIFIER = "com.shamsuddinrefaei.Quote-App";
				PRODUCT_NAME = "Quote-App";
				SDKROOT = iphoneos;
				SWIFT_EMIT_LOC_STRINGS = YES;
				SWIFT_VERSION = 5.0;
				TARGETED_DEVICE_FAMILY = "1,2";
				VALIDATE_PRODUCT = YES;
			};
			name = Release;
		};
		DBF3F3F028647B180097CC1E /* Debug */ = {
			isa = XCBuildConfiguration;
			buildSettings = {
				ASSETCATALOG_COMPILER_APPICON_NAME = AppIcon;
				ASSETCATALOG_COMPILER_GLOBAL_ACCENT_COLOR_NAME = AccentColor;
				CODE_SIGN_ENTITLEMENTS = macOS/macOS.entitlements;
				CODE_SIGN_STYLE = Automatic;
				COMBINE_HIDPI_IMAGES = YES;
				CURRENT_PROJECT_VERSION = 1;
				DEVELOPMENT_TEAM = Y99V3PSNQ8;
				ENABLE_HARDENED_RUNTIME = YES;
				ENABLE_PREVIEWS = YES;
				GENERATE_INFOPLIST_FILE = YES;
				INFOPLIST_KEY_NSHumanReadableCopyright = "";
				LD_RUNPATH_SEARCH_PATHS = (
					"$(inherited)",
					"@executable_path/../Frameworks",
				);
				MACOSX_DEPLOYMENT_TARGET = 12.1;
				MARKETING_VERSION = 1.0;
				PRODUCT_BUNDLE_IDENTIFIER = "com.shamsuddinrefaei.Quote-App";
				PRODUCT_NAME = "Quote-App";
				SDKROOT = macosx;
				SWIFT_EMIT_LOC_STRINGS = YES;
				SWIFT_VERSION = 5.0;
			};
			name = Debug;
		};
		DBF3F3F128647B180097CC1E /* Release */ = {
			isa = XCBuildConfiguration;
			buildSettings = {
				ASSETCATALOG_COMPILER_APPICON_NAME = AppIcon;
				ASSETCATALOG_COMPILER_GLOBAL_ACCENT_COLOR_NAME = AccentColor;
				CODE_SIGN_ENTITLEMENTS = macOS/macOS.entitlements;
				CODE_SIGN_STYLE = Automatic;
				COMBINE_HIDPI_IMAGES = YES;
				CURRENT_PROJECT_VERSION = 1;
				DEVELOPMENT_TEAM = Y99V3PSNQ8;
				ENABLE_HARDENED_RUNTIME = YES;
				ENABLE_PREVIEWS = YES;
				GENERATE_INFOPLIST_FILE = YES;
				INFOPLIST_KEY_NSHumanReadableCopyright = "";
				LD_RUNPATH_SEARCH_PATHS = (
					"$(inherited)",
					"@executable_path/../Frameworks",
				);
				MACOSX_DEPLOYMENT_TARGET = 12.1;
				MARKETING_VERSION = 1.0;
				PRODUCT_BUNDLE_IDENTIFIER = "com.shamsuddinrefaei.Quote-App";
				PRODUCT_NAME = "Quote-App";
				SDKROOT = macosx;
				SWIFT_EMIT_LOC_STRINGS = YES;
				SWIFT_VERSION = 5.0;
			};
			name = Release;
		};
/* End XCBuildConfiguration section */

/* Begin XCConfigurationList section */
		DBF3F3D228647B160097CC1E /* Build configuration list for PBXProject "Quote-App" */ = {
			isa = XCConfigurationList;
			buildConfigurations = (
				DBF3F3EA28647B180097CC1E /* Debug */,
				DBF3F3EB28647B180097CC1E /* Release */,
			);
			defaultConfigurationIsVisible = 0;
			defaultConfigurationName = Release;
		};
		DBF3F3EC28647B180097CC1E /* Build configuration list for PBXNativeTarget "Quote-App (iOS)" */ = {
			isa = XCConfigurationList;
			buildConfigurations = (
				DBF3F3ED28647B180097CC1E /* Debug */,
				DBF3F3EE28647B180097CC1E /* Release */,
			);
			defaultConfigurationIsVisible = 0;
			defaultConfigurationName = Release;
		};
		DBF3F3EF28647B180097CC1E /* Build configuration list for PBXNativeTarget "Quote-App (macOS)" */ = {
			isa = XCConfigurationList;
			buildConfigurations = (
				DBF3F3F028647B180097CC1E /* Debug */,
				DBF3F3F128647B180097CC1E /* Release */,
			);
			defaultConfigurationIsVisible = 0;
			defaultConfigurationName = Release;
		};
/* End XCConfigurationList section */
	};
	rootObject = DBF3F3CF28647B160097CC1E /* Project object */;
}
